
Microsoft Visual Studio Solution File, Format Version 12.00
# Visual Studio Version 17
VisualStudioVersion = 17.1.32319.34
MinimumVisualStudioVersion = 10.0.40219.1
Project("{FAE04EC0-301F-11D3-BF4B-00C04F79EFBC}") = "GC_Lab2", "GC_Lab2\GC_Lab2.csproj", "{5D754CB3-77D5-4DE8-B56B-2E161FAE6DE5}"
EndProject
Global
	GlobalSection(SolutionConfigurationPlatforms) = preSolution
		Debug|Any CPU = Debug|Any CPU
		Release|Any CPU = Release|Any CPU
	EndGlobalSection
	GlobalSection(ProjectConfigurationPlatforms) = postSolution
		{5D754CB3-77D5-4DE8-B56B-2E161FAE6DE5}.Debug|Any CPU.ActiveCfg = Debug|Any CPU
		{5D754CB3-77D5-4DE8-B56B-2E161FAE6DE5}.Debug|Any CPU.Build.0 = Debug|Any CPU
		{5D754CB3-77D5-4DE8-B56B-2E161FAE6DE5}.Release|Any CPU.ActiveCfg = Release|Any CPU
		{5D754CB3-77D5-4DE8-B56B-2E161FAE6DE5}.Release|Any CPU.Build.0 = Release|Any CPU
	EndGlobalSection
	GlobalSection(SolutionProperties) = preSolution
		HideSolutionNode = FALSE
	EndGlobalSection
	GlobalSection(ExtensibilityGlobals) = postSolution
		SolutionGuid = {6F82B857-BF7E-4C33-B171-0378F3E4726C}
	EndGlobalSection
EndGlobal
